
Microsoft Visual Studio Solution File, Format Version 12.00
# Visual Studio Version 17
VisualStudioVersion = 17.5.002.0
MinimumVisualStudioVersion = 10.0.40219.1
Project("{2150E333-8FDC-42A3-9474-1A3956D46DE8}") = "api-lambda", "api-lambda", "{EB743A17-6207-4E6A-BDE8-B20EA89334B0}"
EndProject
Project("{2150E333-8FDC-42A3-9474-1A3956D46DE8}") = "src", "src", "{19A27519-9550-4A44-ADAF-E7FEC4387239}"
EndProject
Project("{9A19103F-16F7-4668-BE54-9A1E7A4F7556}") = "api-lambda", "api-lambda\src\api-lambda\api-lambda.csproj", "{207265D8-4361-4537-BF7E-9DE343D38B13}"
EndProject
Project("{2150E333-8FDC-42A3-9474-1A3956D46DE8}") = "test", "test", "{C2A7EF69-0836-4FA4-9FA2-92962CB2412D}"
EndProject
Project("{9A19103F-16F7-4668-BE54-9A1E7A4F7556}") = "api-lambda.Tests", "api-lambda\test\api-lambda.Tests\api-lambda.Tests.csproj", "{DEB66225-45EC-4A70-BC9A-90B95311CD8B}"
EndProject
Global
	GlobalSection(SolutionConfigurationPlatforms) = preSolution
		Debug|Any CPU = Debug|Any CPU
		Release|Any CPU = Release|Any CPU
	EndGlobalSection
	GlobalSection(ProjectConfigurationPlatforms) = postSolution
		{207265D8-4361-4537-BF7E-9DE343D38B13}.Debug|Any CPU.ActiveCfg = Debug|Any CPU
		{207265D8-4361-4537-BF7E-9DE343D38B13}.Debug|Any CPU.Build.0 = Debug|Any CPU
		{207265D8-4361-4537-BF7E-9DE343D38B13}.Release|Any CPU.ActiveCfg = Release|Any CPU
		{207265D8-4361-4537-BF7E-9DE343D38B13}.Release|Any CPU.Build.0 = Release|Any CPU
		{DEB66225-45EC-4A70-BC9A-90B95311CD8B}.Debug|Any CPU.ActiveCfg = Debug|Any CPU
		{DEB66225-45EC-4A70-BC9A-90B95311CD8B}.Debug|Any CPU.Build.0 = Debug|Any CPU
		{DEB66225-45EC-4A70-BC9A-90B95311CD8B}.Release|Any CPU.ActiveCfg = Release|Any CPU
		{DEB66225-45EC-4A70-BC9A-90B95311CD8B}.Release|Any CPU.Build.0 = Release|Any CPU
	EndGlobalSection
	GlobalSection(SolutionProperties) = preSolution
		HideSolutionNode = FALSE
	EndGlobalSection
	GlobalSection(NestedProjects) = preSolution
		{19A27519-9550-4A44-ADAF-E7FEC4387239} = {EB743A17-6207-4E6A-BDE8-B20EA89334B0}
		{207265D8-4361-4537-BF7E-9DE343D38B13} = {19A27519-9550-4A44-ADAF-E7FEC4387239}
		{C2A7EF69-0836-4FA4-9FA2-92962CB2412D} = {EB743A17-6207-4E6A-BDE8-B20EA89334B0}
		{DEB66225-45EC-4A70-BC9A-90B95311CD8B} = {C2A7EF69-0836-4FA4-9FA2-92962CB2412D}
	EndGlobalSection
	GlobalSection(ExtensibilityGlobals) = postSolution
		SolutionGuid = {1DBDCF9D-0715-4E04-B4A1-7B4FC12851C4}
	EndGlobalSection
EndGlobal
